// !$*UTF8*$!
{
	archiveVersion = 1;
	classes = {
	};
	objectVersion = 46;
	objects = {

/* Begin PBXBuildFile section */
		D41B77E617FDCF91005A5DA8 /* DockResource+Addons.m in Sources */ = {isa = PBXBuildFile; fileRef = D41B77E517FDCF91005A5DA8 /* DockResource+Addons.m */; };
		D41B77E917FE13D1005A5DA8 /* DockBooleanFormatter.m in Sources */ = {isa = PBXBuildFile; fileRef = D41B77E817FE13D1005A5DA8 /* DockBooleanFormatter.m */; };
		D41B77EB17FE3FB6005A5DA8 /* Images.xcassets in Resources */ = {isa = PBXBuildFile; fileRef = D41B77EA17FE3FB6005A5DA8 /* Images.xcassets */; };
		D41B77EF17FE4184005A5DA8 /* space_dock.icns in Resources */ = {isa = PBXBuildFile; fileRef = D41B77EE17FE416F005A5DA8 /* space_dock.icns */; };
		D41BA80817F67FE0005266E6 /* DockShip+Addons.m in Sources */ = {isa = PBXBuildFile; fileRef = D41BA80717F67FE0005266E6 /* DockShip+Addons.m */; };
		D42BD1F017EA134B0000598C /* Cocoa.framework in Frameworks */ = {isa = PBXBuildFile; fileRef = D42BD1EF17EA134B0000598C /* Cocoa.framework */; };
		D437079E1800AFDF00622E7F /* DockWeapon+Addons.m in Sources */ = {isa = PBXBuildFile; fileRef = D437079D1800AFDF00622E7F /* DockWeapon+Addons.m */; };
		D45AF1F017FFE7F900C04F9A /* DockUtils.m in Sources */ = {isa = PBXBuildFile; fileRef = D45AF1EF17FFE7F900C04F9A /* DockUtils.m */; };
		D4AAA28817F4082F00A99383 /* DockEquippedShip+Addons.m in Sources */ = {isa = PBXBuildFile; fileRef = D4AAA28717F4082F00A99383 /* DockEquippedShip+Addons.m */; };
		D4AAA28B17F408D400A99383 /* DockUpgrade+Addons.m in Sources */ = {isa = PBXBuildFile; fileRef = D4AAA28A17F408D400A99383 /* DockUpgrade+Addons.m */; };
		D4AAA29417F48F8100A99383 /* DockEquippedUpgrade+Addons.m in Sources */ = {isa = PBXBuildFile; fileRef = D4AAA29317F48F8100A99383 /* DockEquippedUpgrade+Addons.m */; };
		D4AAA2BC17F4DF3D00A99383 /* DockSquad+Addons.m in Sources */ = {isa = PBXBuildFile; fileRef = D4AAA2BB17F4DF3D00A99383 /* DockSquad+Addons.m */; };
		D4AAA2E017F4F79600A99383 /* NSTreeController+Additions.m in Sources */ = {isa = PBXBuildFile; fileRef = D4AAA2DF17F4F79600A99383 /* NSTreeController+Additions.m */; };
		D4D7BE6817F76FB50070D94D /* DockCaptain+Addons.m in Sources */ = {isa = PBXBuildFile; fileRef = D4D7BE6717F76FB50070D94D /* DockCaptain+Addons.m */; };
		D4F7F17F1808DA2500157E32 /* DockSet.m in Sources */ = {isa = PBXBuildFile; fileRef = D4F7F17E1808DA2500157E32 /* DockSet.m */; };
		D4F7F1821808DA2600157E32 /* DockCrew.m in Sources */ = {isa = PBXBuildFile; fileRef = D4F7F1811808DA2600157E32 /* DockCrew.m */; };
		D4F7F1851808DA2600157E32 /* DockShip.m in Sources */ = {isa = PBXBuildFile; fileRef = D4F7F1841808DA2600157E32 /* DockShip.m */; };
		D4F7F1881808DA2600157E32 /* DockResource.m in Sources */ = {isa = PBXBuildFile; fileRef = D4F7F1871808DA2600157E32 /* DockResource.m */; };
		D4F7F18B1808DA2600157E32 /* DockCaptain.m in Sources */ = {isa = PBXBuildFile; fileRef = D4F7F18A1808DA2600157E32 /* DockCaptain.m */; };
		D4F7F18E1808DA2600157E32 /* DockEquippedShip.m in Sources */ = {isa = PBXBuildFile; fileRef = D4F7F18D1808DA2600157E32 /* DockEquippedShip.m */; };
		D4F7F1911808DA2600157E32 /* DockTech.m in Sources */ = {isa = PBXBuildFile; fileRef = D4F7F1901808DA2600157E32 /* DockTech.m */; };
		D4F7F1941808DA2600157E32 /* DockSetItem.m in Sources */ = {isa = PBXBuildFile; fileRef = D4F7F1931808DA2600157E32 /* DockSetItem.m */; };
		D4F7F1971808DA2600157E32 /* DockUpgrade.m in Sources */ = {isa = PBXBuildFile; fileRef = D4F7F1961808DA2600157E32 /* DockUpgrade.m */; };
		D4F7F19A1808DA2600157E32 /* DockSquad.m in Sources */ = {isa = PBXBuildFile; fileRef = D4F7F1991808DA2600157E32 /* DockSquad.m */; };
		D4F7F19D1808DA2600157E32 /* DockEquippedUpgrade.m in Sources */ = {isa = PBXBuildFile; fileRef = D4F7F19C1808DA2600157E32 /* DockEquippedUpgrade.m */; };
		D4F7F1A01808DA2600157E32 /* DockTalent.m in Sources */ = {isa = PBXBuildFile; fileRef = D4F7F19F1808DA2600157E32 /* DockTalent.m */; };
		D4F7F1A61808DA2600157E32 /* DockWeapon.m in Sources */ = {isa = PBXBuildFile; fileRef = D4F7F1A51808DA2600157E32 /* DockWeapon.m */; };
		D4F7F1A91808DBB000157E32 /* DockSet+Addons.m in Sources */ = {isa = PBXBuildFile; fileRef = D4F7F1A81808DBB000157E32 /* DockSet+Addons.m */; };
		D4F7F40E17F2C95D00F5A808 /* Data.xml in Resources */ = {isa = PBXBuildFile; fileRef = D4F7F3EA17F2C95D00F5A808 /* Data.xml */; };
		D4F7F40F17F2C95D00F5A808 /* DockAppDelegate.m in Sources */ = {isa = PBXBuildFile; fileRef = D4F7F3EC17F2C95D00F5A808 /* DockAppDelegate.m */; };
		D4F7F41317F2C95D00F5A808 /* DockOrderedSetArrayValueTransformer.m in Sources */ = {isa = PBXBuildFile; fileRef = D4F7F3F417F2C95D00F5A808 /* DockOrderedSetArrayValueTransformer.m */; };
		D4F7F41B17F2C95D00F5A808 /* Credits.rtf in Resources */ = {isa = PBXBuildFile; fileRef = D4F7F40317F2C95D00F5A808 /* Credits.rtf */; };
		D4F7F41D17F2C95D00F5A808 /* MainMenu.xib in Resources */ = {isa = PBXBuildFile; fileRef = D4F7F40717F2C95D00F5A808 /* MainMenu.xib */; };
		D4F7F41E17F2C95D00F5A808 /* main.m in Sources */ = {isa = PBXBuildFile; fileRef = D4F7F40917F2C95D00F5A808 /* main.m */; };
		D4F7F42017F2C95D00F5A808 /* Space_Dock.xcdatamodeld in Sources */ = {isa = PBXBuildFile; fileRef = D4F7F40C17F2C95D00F5A808 /* Space_Dock.xcdatamodeld */; };
/* End PBXBuildFile section */

/* Begin PBXFileReference section */
		D40AF35A1802FB36000B9FF3 /* Space_Dock_2.xcdatamodel */ = {isa = PBXFileReference; lastKnownFileType = wrapper.xcdatamodel; path = Space_Dock_2.xcdatamodel; sourceTree = "<group>"; };
		D41B77E417FDCF91005A5DA8 /* DockResource+Addons.h */ = {isa = PBXFileReference; fileEncoding = 4; lastKnownFileType = sourcecode.c.h; path = "DockResource+Addons.h"; sourceTree = "<group>"; };
		D41B77E517FDCF91005A5DA8 /* DockResource+Addons.m */ = {isa = PBXFileReference; fileEncoding = 4; lastKnownFileType = sourcecode.c.objc; path = "DockResource+Addons.m"; sourceTree = "<group>"; };
		D41B77E717FE13D1005A5DA8 /* DockBooleanFormatter.h */ = {isa = PBXFileReference; fileEncoding = 4; lastKnownFileType = sourcecode.c.h; path = DockBooleanFormatter.h; sourceTree = "<group>"; };
		D41B77E817FE13D1005A5DA8 /* DockBooleanFormatter.m */ = {isa = PBXFileReference; fileEncoding = 4; lastKnownFileType = sourcecode.c.objc; path = DockBooleanFormatter.m; sourceTree = "<group>"; };
		D41B77EA17FE3FB6005A5DA8 /* Images.xcassets */ = {isa = PBXFileReference; lastKnownFileType = folder.assetcatalog; name = Images.xcassets; path = "Space Dock/Images.xcassets"; sourceTree = "<group>"; };
		D41B77EE17FE416F005A5DA8 /* space_dock.icns */ = {isa = PBXFileReference; lastKnownFileType = image.icns; path = space_dock.icns; sourceTree = "<group>"; };
		D41BA80617F67FE0005266E6 /* DockShip+Addons.h */ = {isa = PBXFileReference; fileEncoding = 4; lastKnownFileType = sourcecode.c.h; path = "DockShip+Addons.h"; sourceTree = "<group>"; };
		D41BA80717F67FE0005266E6 /* DockShip+Addons.m */ = {isa = PBXFileReference; fileEncoding = 4; lastKnownFileType = sourcecode.c.objc; path = "DockShip+Addons.m"; sourceTree = "<group>"; };
		D42BD1EC17EA134B0000598C /* Space Dock.app */ = {isa = PBXFileReference; explicitFileType = wrapper.application; includeInIndex = 0; path = "Space Dock.app"; sourceTree = BUILT_PRODUCTS_DIR; };
		D42BD1EF17EA134B0000598C /* Cocoa.framework */ = {isa = PBXFileReference; lastKnownFileType = wrapper.framework; name = Cocoa.framework; path = System/Library/Frameworks/Cocoa.framework; sourceTree = SDKROOT; };
		D42BD1F217EA134B0000598C /* AppKit.framework */ = {isa = PBXFileReference; lastKnownFileType = wrapper.framework; name = AppKit.framework; path = System/Library/Frameworks/AppKit.framework; sourceTree = SDKROOT; };
		D42BD1F317EA134B0000598C /* CoreData.framework */ = {isa = PBXFileReference; lastKnownFileType = wrapper.framework; name = CoreData.framework; path = System/Library/Frameworks/CoreData.framework; sourceTree = SDKROOT; };
		D42BD1F417EA134B0000598C /* Foundation.framework */ = {isa = PBXFileReference; lastKnownFileType = wrapper.framework; name = Foundation.framework; path = System/Library/Frameworks/Foundation.framework; sourceTree = SDKROOT; };
		D437079C1800AFDF00622E7F /* DockWeapon+Addons.h */ = {isa = PBXFileReference; fileEncoding = 4; lastKnownFileType = sourcecode.c.h; path = "DockWeapon+Addons.h"; sourceTree = "<group>"; };
		D437079D1800AFDF00622E7F /* DockWeapon+Addons.m */ = {isa = PBXFileReference; fileEncoding = 4; lastKnownFileType = sourcecode.c.objc; path = "DockWeapon+Addons.m"; sourceTree = "<group>"; };
		D439357618084DB600096EDA /* Space_Dock_3.xcdatamodel */ = {isa = PBXFileReference; lastKnownFileType = wrapper.xcdatamodel; path = Space_Dock_3.xcdatamodel; sourceTree = "<group>"; };
		D45AF1EE17FFE7F900C04F9A /* DockUtils.h */ = {isa = PBXFileReference; fileEncoding = 4; lastKnownFileType = sourcecode.c.h; path = DockUtils.h; sourceTree = "<group>"; };
		D45AF1EF17FFE7F900C04F9A /* DockUtils.m */ = {isa = PBXFileReference; fileEncoding = 4; lastKnownFileType = sourcecode.c.objc; path = DockUtils.m; sourceTree = "<group>"; };
		D4AAA28617F4082F00A99383 /* DockEquippedShip+Addons.h */ = {isa = PBXFileReference; fileEncoding = 4; lastKnownFileType = sourcecode.c.h; path = "DockEquippedShip+Addons.h"; sourceTree = "<group>"; };
		D4AAA28717F4082F00A99383 /* DockEquippedShip+Addons.m */ = {isa = PBXFileReference; fileEncoding = 4; lastKnownFileType = sourcecode.c.objc; path = "DockEquippedShip+Addons.m"; sourceTree = "<group>"; };
		D4AAA28917F408D400A99383 /* DockUpgrade+Addons.h */ = {isa = PBXFileReference; fileEncoding = 4; lastKnownFileType = sourcecode.c.h; path = "DockUpgrade+Addons.h"; sourceTree = "<group>"; };
		D4AAA28A17F408D400A99383 /* DockUpgrade+Addons.m */ = {isa = PBXFileReference; fileEncoding = 4; lastKnownFileType = sourcecode.c.objc; path = "DockUpgrade+Addons.m"; sourceTree = "<group>"; };
		D4AAA29217F48F8100A99383 /* DockEquippedUpgrade+Addons.h */ = {isa = PBXFileReference; fileEncoding = 4; lastKnownFileType = sourcecode.c.h; path = "DockEquippedUpgrade+Addons.h"; sourceTree = "<group>"; };
		D4AAA29317F48F8100A99383 /* DockEquippedUpgrade+Addons.m */ = {isa = PBXFileReference; fileEncoding = 4; lastKnownFileType = sourcecode.c.objc; path = "DockEquippedUpgrade+Addons.m"; sourceTree = "<group>"; };
		D4AAA2BA17F4DF3D00A99383 /* DockSquad+Addons.h */ = {isa = PBXFileReference; fileEncoding = 4; lastKnownFileType = sourcecode.c.h; path = "DockSquad+Addons.h"; sourceTree = "<group>"; };
		D4AAA2BB17F4DF3D00A99383 /* DockSquad+Addons.m */ = {isa = PBXFileReference; fileEncoding = 4; lastKnownFileType = sourcecode.c.objc; path = "DockSquad+Addons.m"; sourceTree = "<group>"; };
		D4AAA2DE17F4F79600A99383 /* NSTreeController+Additions.h */ = {isa = PBXFileReference; fileEncoding = 4; lastKnownFileType = sourcecode.c.h; path = "NSTreeController+Additions.h"; sourceTree = "<group>"; };
		D4AAA2DF17F4F79600A99383 /* NSTreeController+Additions.m */ = {isa = PBXFileReference; fileEncoding = 4; lastKnownFileType = sourcecode.c.objc; path = "NSTreeController+Additions.m"; sourceTree = "<group>"; };
		D4D7BE6617F76FB50070D94D /* DockCaptain+Addons.h */ = {isa = PBXFileReference; fileEncoding = 4; lastKnownFileType = sourcecode.c.h; path = "DockCaptain+Addons.h"; sourceTree = "<group>"; };
		D4D7BE6717F76FB50070D94D /* DockCaptain+Addons.m */ = {isa = PBXFileReference; fileEncoding = 4; lastKnownFileType = sourcecode.c.objc; path = "DockCaptain+Addons.m"; sourceTree = "<group>"; };
		D4F7F17D1808DA2500157E32 /* DockSet.h */ = {isa = PBXFileReference; fileEncoding = 4; lastKnownFileType = sourcecode.c.h; path = DockSet.h; sourceTree = "<group>"; };
		D4F7F17E1808DA2500157E32 /* DockSet.m */ = {isa = PBXFileReference; fileEncoding = 4; lastKnownFileType = sourcecode.c.objc; path = DockSet.m; sourceTree = "<group>"; };
		D4F7F1801808DA2600157E32 /* DockCrew.h */ = {isa = PBXFileReference; fileEncoding = 4; lastKnownFileType = sourcecode.c.h; path = DockCrew.h; sourceTree = "<group>"; };
		D4F7F1811808DA2600157E32 /* DockCrew.m */ = {isa = PBXFileReference; fileEncoding = 4; lastKnownFileType = sourcecode.c.objc; path = DockCrew.m; sourceTree = "<group>"; };
		D4F7F1831808DA2600157E32 /* DockShip.h */ = {isa = PBXFileReference; fileEncoding = 4; lastKnownFileType = sourcecode.c.h; path = DockShip.h; sourceTree = "<group>"; };
		D4F7F1841808DA2600157E32 /* DockShip.m */ = {isa = PBXFileReference; fileEncoding = 4; lastKnownFileType = sourcecode.c.objc; path = DockShip.m; sourceTree = "<group>"; };
		D4F7F1861808DA2600157E32 /* DockResource.h */ = {isa = PBXFileReference; fileEncoding = 4; lastKnownFileType = sourcecode.c.h; path = DockResource.h; sourceTree = "<group>"; };
		D4F7F1871808DA2600157E32 /* DockResource.m */ = {isa = PBXFileReference; fileEncoding = 4; lastKnownFileType = sourcecode.c.objc; path = DockResource.m; sourceTree = "<group>"; };
		D4F7F1891808DA2600157E32 /* DockCaptain.h */ = {isa = PBXFileReference; fileEncoding = 4; lastKnownFileType = sourcecode.c.h; path = DockCaptain.h; sourceTree = "<group>"; };
		D4F7F18A1808DA2600157E32 /* DockCaptain.m */ = {isa = PBXFileReference; fileEncoding = 4; lastKnownFileType = sourcecode.c.objc; path = DockCaptain.m; sourceTree = "<group>"; };
		D4F7F18C1808DA2600157E32 /* DockEquippedShip.h */ = {isa = PBXFileReference; fileEncoding = 4; lastKnownFileType = sourcecode.c.h; path = DockEquippedShip.h; sourceTree = "<group>"; };
		D4F7F18D1808DA2600157E32 /* DockEquippedShip.m */ = {isa = PBXFileReference; fileEncoding = 4; lastKnownFileType = sourcecode.c.objc; path = DockEquippedShip.m; sourceTree = "<group>"; };
		D4F7F18F1808DA2600157E32 /* DockTech.h */ = {isa = PBXFileReference; fileEncoding = 4; lastKnownFileType = sourcecode.c.h; path = DockTech.h; sourceTree = "<group>"; };
		D4F7F1901808DA2600157E32 /* DockTech.m */ = {isa = PBXFileReference; fileEncoding = 4; lastKnownFileType = sourcecode.c.objc; path = DockTech.m; sourceTree = "<group>"; };
		D4F7F1921808DA2600157E32 /* DockSetItem.h */ = {isa = PBXFileReference; fileEncoding = 4; lastKnownFileType = sourcecode.c.h; path = DockSetItem.h; sourceTree = "<group>"; };
		D4F7F1931808DA2600157E32 /* DockSetItem.m */ = {isa = PBXFileReference; fileEncoding = 4; lastKnownFileType = sourcecode.c.objc; path = DockSetItem.m; sourceTree = "<group>"; };
		D4F7F1951808DA2600157E32 /* DockUpgrade.h */ = {isa = PBXFileReference; fileEncoding = 4; lastKnownFileType = sourcecode.c.h; path = DockUpgrade.h; sourceTree = "<group>"; };
		D4F7F1961808DA2600157E32 /* DockUpgrade.m */ = {isa = PBXFileReference; fileEncoding = 4; lastKnownFileType = sourcecode.c.objc; path = DockUpgrade.m; sourceTree = "<group>"; };
		D4F7F1981808DA2600157E32 /* DockSquad.h */ = {isa = PBXFileReference; fileEncoding = 4; lastKnownFileType = sourcecode.c.h; path = DockSquad.h; sourceTree = "<group>"; };
		D4F7F1991808DA2600157E32 /* DockSquad.m */ = {isa = PBXFileReference; fileEncoding = 4; lastKnownFileType = sourcecode.c.objc; path = DockSquad.m; sourceTree = "<group>"; };
		D4F7F19B1808DA2600157E32 /* DockEquippedUpgrade.h */ = {isa = PBXFileReference; fileEncoding = 4; lastKnownFileType = sourcecode.c.h; path = DockEquippedUpgrade.h; sourceTree = "<group>"; };
		D4F7F19C1808DA2600157E32 /* DockEquippedUpgrade.m */ = {isa = PBXFileReference; fileEncoding = 4; lastKnownFileType = sourcecode.c.objc; path = DockEquippedUpgrade.m; sourceTree = "<group>"; };
		D4F7F19E1808DA2600157E32 /* DockTalent.h */ = {isa = PBXFileReference; fileEncoding = 4; lastKnownFileType = sourcecode.c.h; path = DockTalent.h; sourceTree = "<group>"; };
		D4F7F19F1808DA2600157E32 /* DockTalent.m */ = {isa = PBXFileReference; fileEncoding = 4; lastKnownFileType = sourcecode.c.objc; path = DockTalent.m; sourceTree = "<group>"; };
		D4F7F1A41808DA2600157E32 /* DockWeapon.h */ = {isa = PBXFileReference; fileEncoding = 4; lastKnownFileType = sourcecode.c.h; path = DockWeapon.h; sourceTree = "<group>"; };
		D4F7F1A51808DA2600157E32 /* DockWeapon.m */ = {isa = PBXFileReference; fileEncoding = 4; lastKnownFileType = sourcecode.c.objc; path = DockWeapon.m; sourceTree = "<group>"; };
		D4F7F1A71808DBB000157E32 /* DockSet+Addons.h */ = {isa = PBXFileReference; fileEncoding = 4; lastKnownFileType = sourcecode.c.h; path = "DockSet+Addons.h"; sourceTree = "<group>"; };
		D4F7F1A81808DBB000157E32 /* DockSet+Addons.m */ = {isa = PBXFileReference; fileEncoding = 4; lastKnownFileType = sourcecode.c.objc; path = "DockSet+Addons.m"; sourceTree = "<group>"; };
		D4F7F3EA17F2C95D00F5A808 /* Data.xml */ = {isa = PBXFileReference; fileEncoding = 4; lastKnownFileType = text.xml; path = Data.xml; sourceTree = "<group>"; };
		D4F7F3EB17F2C95D00F5A808 /* DockAppDelegate.h */ = {isa = PBXFileReference; fileEncoding = 4; lastKnownFileType = sourcecode.c.h; path = DockAppDelegate.h; sourceTree = "<group>"; };
		D4F7F3EC17F2C95D00F5A808 /* DockAppDelegate.m */ = {isa = PBXFileReference; fileEncoding = 4; lastKnownFileType = sourcecode.c.objc; path = DockAppDelegate.m; sourceTree = "<group>"; };
		D4F7F3F317F2C95D00F5A808 /* DockOrderedSetArrayValueTransformer.h */ = {isa = PBXFileReference; fileEncoding = 4; lastKnownFileType = sourcecode.c.h; path = DockOrderedSetArrayValueTransformer.h; sourceTree = "<group>"; };
		D4F7F3F417F2C95D00F5A808 /* DockOrderedSetArrayValueTransformer.m */ = {isa = PBXFileReference; fileEncoding = 4; lastKnownFileType = sourcecode.c.objc; path = DockOrderedSetArrayValueTransformer.m; sourceTree = "<group>"; };
		D4F7F40417F2C95D00F5A808 /* en */ = {isa = PBXFileReference; lastKnownFileType = text.rtf; name = en; path = en.lproj/Credits.rtf; sourceTree = "<group>"; };
		D4F7F40617F2C95D00F5A808 /* en */ = {isa = PBXFileReference; lastKnownFileType = text.plist.strings; name = en; path = en.lproj/InfoPlist.strings; sourceTree = "<group>"; };
		D4F7F40817F2C95D00F5A808 /* en */ = {isa = PBXFileReference; lastKnownFileType = file.xib; name = en; path = en.lproj/MainMenu.xib; sourceTree = "<group>"; };
		D4F7F40917F2C95D00F5A808 /* main.m */ = {isa = PBXFileReference; fileEncoding = 4; lastKnownFileType = sourcecode.c.objc; path = main.m; sourceTree = "<group>"; };
		D4F7F40A17F2C95D00F5A808 /* Space Dock-Info.plist */ = {isa = PBXFileReference; fileEncoding = 4; lastKnownFileType = text.plist.xml; path = "Space Dock-Info.plist"; sourceTree = "<group>"; };
		D4F7F40B17F2C95D00F5A808 /* Space Dock-Prefix.pch */ = {isa = PBXFileReference; fileEncoding = 4; lastKnownFileType = sourcecode.c.h; path = "Space Dock-Prefix.pch"; sourceTree = "<group>"; };
		D4F7F40D17F2C95D00F5A808 /* Space_Dock.xcdatamodel */ = {isa = PBXFileReference; lastKnownFileType = wrapper.xcdatamodel; path = Space_Dock.xcdatamodel; sourceTree = "<group>"; };
/* End PBXFileReference section */

/* Begin PBXFrameworksBuildPhase section */
		D42BD1E917EA134B0000598C /* Frameworks */ = {
			isa = PBXFrameworksBuildPhase;
			buildActionMask = 2147483647;
			files = (
				D42BD1F017EA134B0000598C /* Cocoa.framework in Frameworks */,
			);
			runOnlyForDeploymentPostprocessing = 0;
		};
/* End PBXFrameworksBuildPhase section */

/* Begin PBXGroup section */
		D42BD1E317EA134B0000598C = {
			isa = PBXGroup;
			children = (
				D41B77EA17FE3FB6005A5DA8 /* Images.xcassets */,
				D4F7F3E917F2C95D00F5A808 /* src */,
				D42BD1EE17EA134B0000598C /* Frameworks */,
				D42BD1ED17EA134B0000598C /* Products */,
			);
			sourceTree = "<group>";
		};
		D42BD1ED17EA134B0000598C /* Products */ = {
			isa = PBXGroup;
			children = (
				D42BD1EC17EA134B0000598C /* Space Dock.app */,
			);
			name = Products;
			sourceTree = "<group>";
		};
		D42BD1EE17EA134B0000598C /* Frameworks */ = {
			isa = PBXGroup;
			children = (
				D42BD1EF17EA134B0000598C /* Cocoa.framework */,
				D42BD1F117EA134B0000598C /* Other Frameworks */,
			);
			name = Frameworks;
			sourceTree = "<group>";
		};
		D42BD1F117EA134B0000598C /* Other Frameworks */ = {
			isa = PBXGroup;
			children = (
				D42BD1F217EA134B0000598C /* AppKit.framework */,
				D42BD1F317EA134B0000598C /* CoreData.framework */,
				D42BD1F417EA134B0000598C /* Foundation.framework */,
			);
			name = "Other Frameworks";
			sourceTree = "<group>";
		};
		D4AAA2B617F4C9B200A99383 /* Entities */ = {
			isa = PBXGroup;
			children = (
				D4F7F1A41808DA2600157E32 /* DockWeapon.h */,
				D4F7F1A51808DA2600157E32 /* DockWeapon.m */,
				D4F7F19E1808DA2600157E32 /* DockTalent.h */,
				D4F7F19F1808DA2600157E32 /* DockTalent.m */,
				D4F7F19B1808DA2600157E32 /* DockEquippedUpgrade.h */,
				D4F7F19C1808DA2600157E32 /* DockEquippedUpgrade.m */,
				D4F7F1981808DA2600157E32 /* DockSquad.h */,
				D4F7F1991808DA2600157E32 /* DockSquad.m */,
				D4F7F1951808DA2600157E32 /* DockUpgrade.h */,
				D4F7F1961808DA2600157E32 /* DockUpgrade.m */,
				D4F7F1921808DA2600157E32 /* DockSetItem.h */,
				D4F7F1931808DA2600157E32 /* DockSetItem.m */,
				D4F7F18F1808DA2600157E32 /* DockTech.h */,
				D4F7F1901808DA2600157E32 /* DockTech.m */,
				D4F7F18C1808DA2600157E32 /* DockEquippedShip.h */,
				D4F7F18D1808DA2600157E32 /* DockEquippedShip.m */,
				D4F7F1891808DA2600157E32 /* DockCaptain.h */,
				D4F7F18A1808DA2600157E32 /* DockCaptain.m */,
				D4F7F1861808DA2600157E32 /* DockResource.h */,
				D4F7F1871808DA2600157E32 /* DockResource.m */,
				D4F7F1831808DA2600157E32 /* DockShip.h */,
				D4F7F1841808DA2600157E32 /* DockShip.m */,
				D4F7F1801808DA2600157E32 /* DockCrew.h */,
				D4F7F1811808DA2600157E32 /* DockCrew.m */,
				D4F7F17D1808DA2500157E32 /* DockSet.h */,
				D4F7F17E1808DA2500157E32 /* DockSet.m */,
			);
			name = Entities;
			sourceTree = "<group>";
		};
		D4F7F3E917F2C95D00F5A808 /* src */ = {
			isa = PBXGroup;
			children = (
				D4AAA2B617F4C9B200A99383 /* Entities */,
				D4F7F3EB17F2C95D00F5A808 /* DockAppDelegate.h */,
				D4F7F3EC17F2C95D00F5A808 /* DockAppDelegate.m */,
				D41B77E717FE13D1005A5DA8 /* DockBooleanFormatter.h */,
				D41B77E817FE13D1005A5DA8 /* DockBooleanFormatter.m */,
				D4D7BE6617F76FB50070D94D /* DockCaptain+Addons.h */,
				D4D7BE6717F76FB50070D94D /* DockCaptain+Addons.m */,
				D4AAA28617F4082F00A99383 /* DockEquippedShip+Addons.h */,
				D4AAA28717F4082F00A99383 /* DockEquippedShip+Addons.m */,
				D4AAA29217F48F8100A99383 /* DockEquippedUpgrade+Addons.h */,
				D4AAA29317F48F8100A99383 /* DockEquippedUpgrade+Addons.m */,
				D4F7F3F317F2C95D00F5A808 /* DockOrderedSetArrayValueTransformer.h */,
				D4F7F3F417F2C95D00F5A808 /* DockOrderedSetArrayValueTransformer.m */,
				D41B77E417FDCF91005A5DA8 /* DockResource+Addons.h */,
				D41B77E517FDCF91005A5DA8 /* DockResource+Addons.m */,
				D4F7F1A71808DBB000157E32 /* DockSet+Addons.h */,
				D4F7F1A81808DBB000157E32 /* DockSet+Addons.m */,
				D41BA80617F67FE0005266E6 /* DockShip+Addons.h */,
				D41BA80717F67FE0005266E6 /* DockShip+Addons.m */,
				D4AAA2BA17F4DF3D00A99383 /* DockSquad+Addons.h */,
				D4AAA2BB17F4DF3D00A99383 /* DockSquad+Addons.m */,
				D4AAA28917F408D400A99383 /* DockUpgrade+Addons.h */,
				D4AAA28A17F408D400A99383 /* DockUpgrade+Addons.m */,
				D45AF1EE17FFE7F900C04F9A /* DockUtils.h */,
				D45AF1EF17FFE7F900C04F9A /* DockUtils.m */,
				D437079C1800AFDF00622E7F /* DockWeapon+Addons.h */,
				D437079D1800AFDF00622E7F /* DockWeapon+Addons.m */,
				D4AAA2DE17F4F79600A99383 /* NSTreeController+Additions.h */,
				D4AAA2DF17F4F79600A99383 /* NSTreeController+Additions.m */,
				D4F7F40917F2C95D00F5A808 /* main.m */,
				D4F7F3EA17F2C95D00F5A808 /* Data.xml */,
				D4F7F40317F2C95D00F5A808 /* Credits.rtf */,
				D4F7F40517F2C95D00F5A808 /* InfoPlist.strings */,
				D4F7F40717F2C95D00F5A808 /* MainMenu.xib */,
				D4F7F40A17F2C95D00F5A808 /* Space Dock-Info.plist */,
				D4F7F40C17F2C95D00F5A808 /* Space_Dock.xcdatamodeld */,
				D4F7F40B17F2C95D00F5A808 /* Space Dock-Prefix.pch */,
				D41B77EE17FE416F005A5DA8 /* space_dock.icns */,
			);
			path = src;
			sourceTree = "<group>";
		};
/* End PBXGroup section */

/* Begin PBXNativeTarget section */
		D42BD1EB17EA134B0000598C /* Space Dock */ = {
			isa = PBXNativeTarget;
			buildConfigurationList = D42BD20C17EA134B0000598C /* Build configuration list for PBXNativeTarget "Space Dock" */;
			buildPhases = (
				D42BD1E817EA134B0000598C /* Sources */,
				D42BD1E917EA134B0000598C /* Frameworks */,
				D42BD1EA17EA134B0000598C /* Resources */,
			);
			buildRules = (
			);
			dependencies = (
			);
			name = "Space Dock";
			productName = "Space Dock";
			productReference = D42BD1EC17EA134B0000598C /* Space Dock.app */;
			productType = "com.apple.product-type.application";
		};
/* End PBXNativeTarget section */

/* Begin PBXProject section */
		D42BD1E417EA134B0000598C /* Project object */ = {
			isa = PBXProject;
			attributes = {
				CLASSPREFIX = Dock;
				LastUpgradeCheck = 0460;
				ORGANIZATIONNAME = "Rob Tsuk";
				TargetAttributes = {
					D42BD1EB17EA134B0000598C = {
						DevelopmentTeam = NM66XJZ7L9;
					};
				};
			};
			buildConfigurationList = D42BD1E717EA134B0000598C /* Build configuration list for PBXProject "Space Dock" */;
			compatibilityVersion = "Xcode 3.2";
			developmentRegion = English;
			hasScannedForEncodings = 0;
			knownRegions = (
				en,
			);
			mainGroup = D42BD1E317EA134B0000598C;
			productRefGroup = D42BD1ED17EA134B0000598C /* Products */;
			projectDirPath = "";
			projectRoot = "";
			targets = (
				D42BD1EB17EA134B0000598C /* Space Dock */,
			);
		};
/* End PBXProject section */

/* Begin PBXResourcesBuildPhase section */
		D42BD1EA17EA134B0000598C /* Resources */ = {
			isa = PBXResourcesBuildPhase;
			buildActionMask = 2147483647;
			files = (
				D4F7F41D17F2C95D00F5A808 /* MainMenu.xib in Resources */,
				D41B77EF17FE4184005A5DA8 /* space_dock.icns in Resources */,
				D41B77EB17FE3FB6005A5DA8 /* Images.xcassets in Resources */,
				D4F7F40E17F2C95D00F5A808 /* Data.xml in Resources */,
				D4F7F41B17F2C95D00F5A808 /* Credits.rtf in Resources */,
			);
			runOnlyForDeploymentPostprocessing = 0;
		};
/* End PBXResourcesBuildPhase section */

/* Begin PBXSourcesBuildPhase section */
		D42BD1E817EA134B0000598C /* Sources */ = {
			isa = PBXSourcesBuildPhase;
			buildActionMask = 2147483647;
			files = (
				D4D7BE6817F76FB50070D94D /* DockCaptain+Addons.m in Sources */,
				D4F7F19A1808DA2600157E32 /* DockSquad.m in Sources */,
				D4AAA2E017F4F79600A99383 /* NSTreeController+Additions.m in Sources */,
				D4F7F41E17F2C95D00F5A808 /* main.m in Sources */,
				D4F7F1A01808DA2600157E32 /* DockTalent.m in Sources */,
				D4F7F40F17F2C95D00F5A808 /* DockAppDelegate.m in Sources */,
				D4F7F1941808DA2600157E32 /* DockSetItem.m in Sources */,
				D45AF1F017FFE7F900C04F9A /* DockUtils.m in Sources */,
				D41B77E917FE13D1005A5DA8 /* DockBooleanFormatter.m in Sources */,
				D4F7F42017F2C95D00F5A808 /* Space_Dock.xcdatamodeld in Sources */,
				D4F7F1971808DA2600157E32 /* DockUpgrade.m in Sources */,
				D437079E1800AFDF00622E7F /* DockWeapon+Addons.m in Sources */,
				D4AAA2BC17F4DF3D00A99383 /* DockSquad+Addons.m in Sources */,
				D41B77E617FDCF91005A5DA8 /* DockResource+Addons.m in Sources */,
				D4AAA29417F48F8100A99383 /* DockEquippedUpgrade+Addons.m in Sources */,
				D4AAA28817F4082F00A99383 /* DockEquippedShip+Addons.m in Sources */,
				D4F7F17F1808DA2500157E32 /* DockSet.m in Sources */,
				D4F7F1881808DA2600157E32 /* DockResource.m in Sources */,
				D4F7F19D1808DA2600157E32 /* DockEquippedUpgrade.m in Sources */,
				D41BA80817F67FE0005266E6 /* DockShip+Addons.m in Sources */,
				D4F7F18B1808DA2600157E32 /* DockCaptain.m in Sources */,
				D4F7F1851808DA2600157E32 /* DockShip.m in Sources */,
				D4F7F18E1808DA2600157E32 /* DockEquippedShip.m in Sources */,
				D4AAA28B17F408D400A99383 /* DockUpgrade+Addons.m in Sources */,
				D4F7F1A91808DBB000157E32 /* DockSet+Addons.m in Sources */,
				D4F7F1A61808DA2600157E32 /* DockWeapon.m in Sources */,
				D4F7F41317F2C95D00F5A808 /* DockOrderedSetArrayValueTransformer.m in Sources */,
				D4F7F1911808DA2600157E32 /* DockTech.m in Sources */,
				D4F7F1821808DA2600157E32 /* DockCrew.m in Sources */,
			);
			runOnlyForDeploymentPostprocessing = 0;
		};
/* End PBXSourcesBuildPhase section */

/* Begin PBXVariantGroup section */
		D4F7F40317F2C95D00F5A808 /* Credits.rtf */ = {
			isa = PBXVariantGroup;
			children = (
				D4F7F40417F2C95D00F5A808 /* en */,
			);
			name = Credits.rtf;
			sourceTree = "<group>";
		};
		D4F7F40517F2C95D00F5A808 /* InfoPlist.strings */ = {
			isa = PBXVariantGroup;
			children = (
				D4F7F40617F2C95D00F5A808 /* en */,
			);
			name = InfoPlist.strings;
			sourceTree = "<group>";
		};
		D4F7F40717F2C95D00F5A808 /* MainMenu.xib */ = {
			isa = PBXVariantGroup;
			children = (
				D4F7F40817F2C95D00F5A808 /* en */,
			);
			name = MainMenu.xib;
			sourceTree = "<group>";
		};
/* End PBXVariantGroup section */

/* Begin XCBuildConfiguration section */
		D42BD20A17EA134B0000598C /* Debug */ = {
			isa = XCBuildConfiguration;
			buildSettings = {
				ALWAYS_SEARCH_USER_PATHS = NO;
				ARCHS = "$(ARCHS_STANDARD_64_BIT)";
				CLANG_CXX_LANGUAGE_STANDARD = "gnu++0x";
				CLANG_CXX_LIBRARY = "libc++";
				CLANG_ENABLE_OBJC_ARC = YES;
				CLANG_WARN_CONSTANT_CONVERSION = YES;
				CLANG_WARN_EMPTY_BODY = YES;
				CLANG_WARN_ENUM_CONVERSION = YES;
				CLANG_WARN_INT_CONVERSION = YES;
				CLANG_WARN__DUPLICATE_METHOD_MATCH = YES;
				COPY_PHASE_STRIP = NO;
				GCC_C_LANGUAGE_STANDARD = gnu99;
				GCC_DYNAMIC_NO_PIC = NO;
				GCC_ENABLE_OBJC_EXCEPTIONS = YES;
				GCC_OPTIMIZATION_LEVEL = 0;
				GCC_PREPROCESSOR_DEFINITIONS = (
					"DEBUG=1",
					"$(inherited)",
				);
				GCC_SYMBOLS_PRIVATE_EXTERN = NO;
				GCC_WARN_64_TO_32_BIT_CONVERSION = YES;
				GCC_WARN_ABOUT_RETURN_TYPE = YES;
				GCC_WARN_UNINITIALIZED_AUTOS = YES;
				GCC_WARN_UNUSED_VARIABLE = YES;
				MACOSX_DEPLOYMENT_TARGET = 10.8;
				ONLY_ACTIVE_ARCH = YES;
				SDKROOT = macosx;
			};
			name = Debug;
		};
		D42BD20B17EA134B0000598C /* Release */ = {
			isa = XCBuildConfiguration;
			buildSettings = {
				ALWAYS_SEARCH_USER_PATHS = NO;
				ARCHS = "$(ARCHS_STANDARD_64_BIT)";
				CLANG_CXX_LANGUAGE_STANDARD = "gnu++0x";
				CLANG_CXX_LIBRARY = "libc++";
				CLANG_ENABLE_OBJC_ARC = YES;
				CLANG_WARN_CONSTANT_CONVERSION = YES;
				CLANG_WARN_EMPTY_BODY = YES;
				CLANG_WARN_ENUM_CONVERSION = YES;
				CLANG_WARN_INT_CONVERSION = YES;
				CLANG_WARN__DUPLICATE_METHOD_MATCH = YES;
				COPY_PHASE_STRIP = YES;
				DEBUG_INFORMATION_FORMAT = "dwarf-with-dsym";
				GCC_C_LANGUAGE_STANDARD = gnu99;
				GCC_ENABLE_OBJC_EXCEPTIONS = YES;
				GCC_WARN_64_TO_32_BIT_CONVERSION = YES;
				GCC_WARN_ABOUT_RETURN_TYPE = YES;
				GCC_WARN_UNINITIALIZED_AUTOS = YES;
				GCC_WARN_UNUSED_VARIABLE = YES;
				MACOSX_DEPLOYMENT_TARGET = 10.8;
				SDKROOT = macosx;
			};
			name = Release;
		};
		D42BD20D17EA134B0000598C /* Debug */ = {
			isa = XCBuildConfiguration;
			buildSettings = {
				CODE_SIGN_IDENTITY = "Mac Developer";
				"CODE_SIGN_IDENTITY[sdk=macosx*]" = "Mac Developer";
				COMBINE_HIDPI_IMAGES = YES;
				GCC_PRECOMPILE_PREFIX_HEADER = YES;
				GCC_PREFIX_HEADER = "src/Space Dock-Prefix.pch";
				GCC_TREAT_WARNINGS_AS_ERRORS = YES;
				INFOPLIST_FILE = "$(SRCROOT)/src/Space Dock-Info.plist";
				PRODUCT_NAME = "$(TARGET_NAME)";
				PROVISIONING_PROFILE = "";
				WRAPPER_EXTENSION = app;
			};
			name = Debug;
		};
		D42BD20E17EA134B0000598C /* Release */ = {
			isa = XCBuildConfiguration;
			buildSettings = {
				CODE_SIGN_IDENTITY = "Mac Developer";
				"CODE_SIGN_IDENTITY[sdk=macosx*]" = "Mac Developer";
				COMBINE_HIDPI_IMAGES = YES;
				GCC_PRECOMPILE_PREFIX_HEADER = YES;
				GCC_PREFIX_HEADER = "src/Space Dock-Prefix.pch";
				GCC_TREAT_WARNINGS_AS_ERRORS = YES;
				INFOPLIST_FILE = "$(SRCROOT)/src/Space Dock-Info.plist";
				PRODUCT_NAME = "$(TARGET_NAME)";
				PROVISIONING_PROFILE = "";
				WRAPPER_EXTENSION = app;
			};
			name = Release;
		};
/* End XCBuildConfiguration section */

/* Begin XCConfigurationList section */
		D42BD1E717EA134B0000598C /* Build configuration list for PBXProject "Space Dock" */ = {
			isa = XCConfigurationList;
			buildConfigurations = (
				D42BD20A17EA134B0000598C /* Debug */,
				D42BD20B17EA134B0000598C /* Release */,
			);
			defaultConfigurationIsVisible = 0;
			defaultConfigurationName = Release;
		};
		D42BD20C17EA134B0000598C /* Build configuration list for PBXNativeTarget "Space Dock" */ = {
			isa = XCConfigurationList;
			buildConfigurations = (
				D42BD20D17EA134B0000598C /* Debug */,
				D42BD20E17EA134B0000598C /* Release */,
			);
			defaultConfigurationIsVisible = 0;
			defaultConfigurationName = Release;
		};
/* End XCConfigurationList section */

/* Begin XCVersionGroup section */
		D4F7F40C17F2C95D00F5A808 /* Space_Dock.xcdatamodeld */ = {
			isa = XCVersionGroup;
			children = (
				D439357618084DB600096EDA /* Space_Dock_3.xcdatamodel */,
				D40AF35A1802FB36000B9FF3 /* Space_Dock_2.xcdatamodel */,
				D4F7F40D17F2C95D00F5A808 /* Space_Dock.xcdatamodel */,
			);
			currentVersion = D439357618084DB600096EDA /* Space_Dock_3.xcdatamodel */;
			path = Space_Dock.xcdatamodeld;
			sourceTree = "<group>";
			versionGroupType = wrapper.xcdatamodel;
		};
/* End XCVersionGroup section */
	};
	rootObject = D42BD1E417EA134B0000598C /* Project object */;
}
